
Microsoft Visual Studio Solution File, Format Version 12.00
# Visual Studio Version 17
VisualStudioVersion = 17.3.32825.248
MinimumVisualStudioVersion = 10.0.40219.1
Project("{9A19103F-16F7-4668-BE54-9A1E7A4F7556}") = "2", "2\2.csproj", "{53DC3E73-620A-421E-B9B0-A2CF009CED1B}"
EndProject
Project("{9A19103F-16F7-4668-BE54-9A1E7A4F7556}") = "1", "1\1.csproj", "{096D8781-B3CA-47D1-B0D5-0EC626C37E58}"
EndProject
Project("{9A19103F-16F7-4668-BE54-9A1E7A4F7556}") = "3", "3\3.csproj", "{3CA840BD-9A1D-41BD-8C7A-037773ACF691}"
EndProject
Project("{9A19103F-16F7-4668-BE54-9A1E7A4F7556}") = "4", "4\4.csproj", "{AE55401A-4B7A-4CC5-ABE6-FA60A50004B2}"
EndProject
Project("{9A19103F-16F7-4668-BE54-9A1E7A4F7556}") = "5", "5\5.csproj", "{E4584307-272D-4F62-B276-067395AF00B4}"
EndProject
Project("{9A19103F-16F7-4668-BE54-9A1E7A4F7556}") = "6", "6\6.csproj", "{213D831A-FA86-4790-8E1E-33DBEF32E2BD}"
EndProject
Project("{9A19103F-16F7-4668-BE54-9A1E7A4F7556}") = "7", "7\7.csproj", "{C34675AB-4446-4F22-9F0E-4B7228EAA4FF}"
EndProject
Project("{9A19103F-16F7-4668-BE54-9A1E7A4F7556}") = "8", "8\8.csproj", "{59C7F3B5-907A-4488-A55B-E3A31A74424B}"
EndProject
Project("{9A19103F-16F7-4668-BE54-9A1E7A4F7556}") = "9", "9\9.csproj", "{77BC0DEA-90E7-4C1D-9DC9-23531E30172A}"
EndProject
Project("{9A19103F-16F7-4668-BE54-9A1E7A4F7556}") = "Utils", "Utils\Utils.csproj", "{370C9591-C639-4B80-859F-CD09A90B0924}"
EndProject
Global
	GlobalSection(SolutionConfigurationPlatforms) = preSolution
		Debug|Any CPU = Debug|Any CPU
		Release|Any CPU = Release|Any CPU
	EndGlobalSection
	GlobalSection(ProjectConfigurationPlatforms) = postSolution
		{53DC3E73-620A-421E-B9B0-A2CF009CED1B}.Debug|Any CPU.ActiveCfg = Debug|Any CPU
		{53DC3E73-620A-421E-B9B0-A2CF009CED1B}.Debug|Any CPU.Build.0 = Debug|Any CPU
		{53DC3E73-620A-421E-B9B0-A2CF009CED1B}.Release|Any CPU.ActiveCfg = Release|Any CPU
		{53DC3E73-620A-421E-B9B0-A2CF009CED1B}.Release|Any CPU.Build.0 = Release|Any CPU
		{096D8781-B3CA-47D1-B0D5-0EC626C37E58}.Debug|Any CPU.ActiveCfg = Debug|Any CPU
		{096D8781-B3CA-47D1-B0D5-0EC626C37E58}.Debug|Any CPU.Build.0 = Debug|Any CPU
		{096D8781-B3CA-47D1-B0D5-0EC626C37E58}.Release|Any CPU.ActiveCfg = Release|Any CPU
		{096D8781-B3CA-47D1-B0D5-0EC626C37E58}.Release|Any CPU.Build.0 = Release|Any CPU
		{3CA840BD-9A1D-41BD-8C7A-037773ACF691}.Debug|Any CPU.ActiveCfg = Debug|Any CPU
		{3CA840BD-9A1D-41BD-8C7A-037773ACF691}.Debug|Any CPU.Build.0 = Debug|Any CPU
		{3CA840BD-9A1D-41BD-8C7A-037773ACF691}.Release|Any CPU.ActiveCfg = Release|Any CPU
		{3CA840BD-9A1D-41BD-8C7A-037773ACF691}.Release|Any CPU.Build.0 = Release|Any CPU
		{AE55401A-4B7A-4CC5-ABE6-FA60A50004B2}.Debug|Any CPU.ActiveCfg = Debug|Any CPU
		{AE55401A-4B7A-4CC5-ABE6-FA60A50004B2}.Debug|Any CPU.Build.0 = Debug|Any CPU
		{AE55401A-4B7A-4CC5-ABE6-FA60A50004B2}.Release|Any CPU.ActiveCfg = Release|Any CPU
		{AE55401A-4B7A-4CC5-ABE6-FA60A50004B2}.Release|Any CPU.Build.0 = Release|Any CPU
		{E4584307-272D-4F62-B276-067395AF00B4}.Debug|Any CPU.ActiveCfg = Debug|Any CPU
		{E4584307-272D-4F62-B276-067395AF00B4}.Debug|Any CPU.Build.0 = Debug|Any CPU
		{E4584307-272D-4F62-B276-067395AF00B4}.Release|Any CPU.ActiveCfg = Release|Any CPU
		{E4584307-272D-4F62-B276-067395AF00B4}.Release|Any CPU.Build.0 = Release|Any CPU
		{213D831A-FA86-4790-8E1E-33DBEF32E2BD}.Debug|Any CPU.ActiveCfg = Debug|Any CPU
		{213D831A-FA86-4790-8E1E-33DBEF32E2BD}.Debug|Any CPU.Build.0 = Debug|Any CPU
		{213D831A-FA86-4790-8E1E-33DBEF32E2BD}.Release|Any CPU.ActiveCfg = Release|Any CPU
		{213D831A-FA86-4790-8E1E-33DBEF32E2BD}.Release|Any CPU.Build.0 = Release|Any CPU
		{C34675AB-4446-4F22-9F0E-4B7228EAA4FF}.Debug|Any CPU.ActiveCfg = Debug|Any CPU
		{C34675AB-4446-4F22-9F0E-4B7228EAA4FF}.Debug|Any CPU.Build.0 = Debug|Any CPU
		{C34675AB-4446-4F22-9F0E-4B7228EAA4FF}.Release|Any CPU.ActiveCfg = Release|Any CPU
		{C34675AB-4446-4F22-9F0E-4B7228EAA4FF}.Release|Any CPU.Build.0 = Release|Any CPU
		{59C7F3B5-907A-4488-A55B-E3A31A74424B}.Debug|Any CPU.ActiveCfg = Debug|Any CPU
		{59C7F3B5-907A-4488-A55B-E3A31A74424B}.Debug|Any CPU.Build.0 = Debug|Any CPU
		{59C7F3B5-907A-4488-A55B-E3A31A74424B}.Release|Any CPU.ActiveCfg = Release|Any CPU
		{59C7F3B5-907A-4488-A55B-E3A31A74424B}.Release|Any CPU.Build.0 = Release|Any CPU
		{77BC0DEA-90E7-4C1D-9DC9-23531E30172A}.Debug|Any CPU.ActiveCfg = Debug|Any CPU
		{77BC0DEA-90E7-4C1D-9DC9-23531E30172A}.Debug|Any CPU.Build.0 = Debug|Any CPU
		{77BC0DEA-90E7-4C1D-9DC9-23531E30172A}.Release|Any CPU.ActiveCfg = Release|Any CPU
		{77BC0DEA-90E7-4C1D-9DC9-23531E30172A}.Release|Any CPU.Build.0 = Release|Any CPU
		{370C9591-C639-4B80-859F-CD09A90B0924}.Debug|Any CPU.ActiveCfg = Debug|Any CPU
		{370C9591-C639-4B80-859F-CD09A90B0924}.Debug|Any CPU.Build.0 = Debug|Any CPU
		{370C9591-C639-4B80-859F-CD09A90B0924}.Release|Any CPU.ActiveCfg = Release|Any CPU
		{370C9591-C639-4B80-859F-CD09A90B0924}.Release|Any CPU.Build.0 = Release|Any CPU
	EndGlobalSection
	GlobalSection(SolutionProperties) = preSolution
		HideSolutionNode = FALSE
	EndGlobalSection
	GlobalSection(ExtensibilityGlobals) = postSolution
		SolutionGuid = {966D6203-16C6-48A8-A56A-D4294A91B15C}
	EndGlobalSection
EndGlobal
